
Microsoft Visual Studio Solution File, Format Version 12.00
# Visual Studio 15
VisualStudioVersion = 15.0.28307.645
MinimumVisualStudioVersion = 10.0.40219.1
Project("{8BC9CEB8-8B4A-11D0-8D11-00A0C91BC942}") = "logger", "logger\logger.vcxproj", "{18ACFAB2-8887-4079-A141-FFFEC640ADAD}"
EndProject
Project("{8BC9CEB8-8B4A-11D0-8D11-00A0C91BC942}") = "Winshim", "Winshim\Winshim.vcxproj", "{2E85B211-0C24-49F9-9A96-55F81384890E}"
	ProjectSection(ProjectDependencies) = postProject
		{18ACFAB2-8887-4079-A141-FFFEC640ADAD} = {18ACFAB2-8887-4079-A141-FFFEC640ADAD}
	EndProjectSection
EndProject
Project("{8BC9CEB8-8B4A-11D0-8D11-00A0C91BC942}") = "ndutil", "ndutil\ndutil.vcxproj", "{8C7C0240-27C3-4A36-AFBC-A553DD3FD42B}"
	ProjectSection(ProjectDependencies) = postProject
		{2E85B211-0C24-49F9-9A96-55F81384890E} = {2E85B211-0C24-49F9-9A96-55F81384890E}
		{18ACFAB2-8887-4079-A141-FFFEC640ADAD} = {18ACFAB2-8887-4079-A141-FFFEC640ADAD}
	EndProjectSection
EndProject
Project("{8BC9CEB8-8B4A-11D0-8D11-00A0C91BC942}") = "dmrpingpong", "dmrpingpong\dmrpingpong.vcxproj", "{510F6040-3187-4081-A8B3-94FFE227DE2E}"
EndProject
Project("{8BC9CEB8-8B4A-11D0-8D11-00A0C91BC942}") = "dmrping", "dmrping\dmrping.vcxproj", "{1CA60888-FF6D-44C4-BADB-C9392A3D0AF5}"
EndProject
Project("{8BC9CEB8-8B4A-11D0-8D11-00A0C91BC942}") = "dmping", "dmping\dmping.vcxproj", "{D17BE6FE-E613-4123-A16E-233A00A56BBA}"
EndProject
Project("{8BC9CEB8-8B4A-11D0-8D11-00A0C91BC942}") = "utils", "utils\utils.vcxproj", "{9A2A4ADD-3437-4974-B926-E5D0DF29E57A}"
EndProject
Global
	GlobalSection(SolutionConfigurationPlatforms) = preSolution
		Debug|x64 = Debug|x64
		Debug|x86 = Debug|x86
		Release|x64 = Release|x64
		Release|x86 = Release|x86
	EndGlobalSection
	GlobalSection(ProjectConfigurationPlatforms) = postSolution
		{18ACFAB2-8887-4079-A141-FFFEC640ADAD}.Debug|x64.ActiveCfg = Debug|x64
		{18ACFAB2-8887-4079-A141-FFFEC640ADAD}.Debug|x64.Build.0 = Debug|x64
		{18ACFAB2-8887-4079-A141-FFFEC640ADAD}.Debug|x86.ActiveCfg = Debug|Win32
		{18ACFAB2-8887-4079-A141-FFFEC640ADAD}.Debug|x86.Build.0 = Debug|Win32
		{18ACFAB2-8887-4079-A141-FFFEC640ADAD}.Release|x64.ActiveCfg = Release|x64
		{18ACFAB2-8887-4079-A141-FFFEC640ADAD}.Release|x64.Build.0 = Release|x64
		{18ACFAB2-8887-4079-A141-FFFEC640ADAD}.Release|x86.ActiveCfg = Release|Win32
		{18ACFAB2-8887-4079-A141-FFFEC640ADAD}.Release|x86.Build.0 = Release|Win32
		{2E85B211-0C24-49F9-9A96-55F81384890E}.Debug|x64.ActiveCfg = Debug|x64
		{2E85B211-0C24-49F9-9A96-55F81384890E}.Debug|x64.Build.0 = Debug|x64
		{2E85B211-0C24-49F9-9A96-55F81384890E}.Debug|x86.ActiveCfg = Debug|Win32
		{2E85B211-0C24-49F9-9A96-55F81384890E}.Debug|x86.Build.0 = Debug|Win32
		{2E85B211-0C24-49F9-9A96-55F81384890E}.Release|x64.ActiveCfg = Release|x64
		{2E85B211-0C24-49F9-9A96-55F81384890E}.Release|x64.Build.0 = Release|x64
		{2E85B211-0C24-49F9-9A96-55F81384890E}.Release|x86.ActiveCfg = Release|Win32
		{2E85B211-0C24-49F9-9A96-55F81384890E}.Release|x86.Build.0 = Release|Win32
		{8C7C0240-27C3-4A36-AFBC-A553DD3FD42B}.Debug|x64.ActiveCfg = Debug|x64
		{8C7C0240-27C3-4A36-AFBC-A553DD3FD42B}.Debug|x64.Build.0 = Debug|x64
		{8C7C0240-27C3-4A36-AFBC-A553DD3FD42B}.Debug|x86.ActiveCfg = Debug|Win32
		{8C7C0240-27C3-4A36-AFBC-A553DD3FD42B}.Debug|x86.Build.0 = Debug|Win32
		{8C7C0240-27C3-4A36-AFBC-A553DD3FD42B}.Release|x64.ActiveCfg = Release|x64
		{8C7C0240-27C3-4A36-AFBC-A553DD3FD42B}.Release|x64.Build.0 = Release|x64
		{8C7C0240-27C3-4A36-AFBC-A553DD3FD42B}.Release|x86.ActiveCfg = Release|Win32
		{8C7C0240-27C3-4A36-AFBC-A553DD3FD42B}.Release|x86.Build.0 = Release|Win32
		{510F6040-3187-4081-A8B3-94FFE227DE2E}.Debug|x64.ActiveCfg = Debug|x64
		{510F6040-3187-4081-A8B3-94FFE227DE2E}.Debug|x64.Build.0 = Debug|x64
		{510F6040-3187-4081-A8B3-94FFE227DE2E}.Debug|x86.ActiveCfg = Debug|Win32
		{510F6040-3187-4081-A8B3-94FFE227DE2E}.Debug|x86.Build.0 = Debug|Win32
		{510F6040-3187-4081-A8B3-94FFE227DE2E}.Release|x64.ActiveCfg = Release|x64
		{510F6040-3187-4081-A8B3-94FFE227DE2E}.Release|x64.Build.0 = Release|x64
		{510F6040-3187-4081-A8B3-94FFE227DE2E}.Release|x86.ActiveCfg = Release|Win32
		{510F6040-3187-4081-A8B3-94FFE227DE2E}.Release|x86.Build.0 = Release|Win32
		{1CA60888-FF6D-44C4-BADB-C9392A3D0AF5}.Debug|x64.ActiveCfg = Debug|x64
		{1CA60888-FF6D-44C4-BADB-C9392A3D0AF5}.Debug|x64.Build.0 = Debug|x64
		{1CA60888-FF6D-44C4-BADB-C9392A3D0AF5}.Debug|x86.ActiveCfg = Debug|Win32
		{1CA60888-FF6D-44C4-BADB-C9392A3D0AF5}.Debug|x86.Build.0 = Debug|Win32
		{1CA60888-FF6D-44C4-BADB-C9392A3D0AF5}.Release|x64.ActiveCfg = Release|x64
		{1CA60888-FF6D-44C4-BADB-C9392A3D0AF5}.Release|x64.Build.0 = Release|x64
		{1CA60888-FF6D-44C4-BADB-C9392A3D0AF5}.Release|x86.ActiveCfg = Release|Win32
		{1CA60888-FF6D-44C4-BADB-C9392A3D0AF5}.Release|x86.Build.0 = Release|Win32
		{D17BE6FE-E613-4123-A16E-233A00A56BBA}.Debug|x64.ActiveCfg = Debug|x64
		{D17BE6FE-E613-4123-A16E-233A00A56BBA}.Debug|x64.Build.0 = Debug|x64
		{D17BE6FE-E613-4123-A16E-233A00A56BBA}.Debug|x86.ActiveCfg = Debug|Win32
		{D17BE6FE-E613-4123-A16E-233A00A56BBA}.Debug|x86.Build.0 = Debug|Win32
		{D17BE6FE-E613-4123-A16E-233A00A56BBA}.Release|x64.ActiveCfg = Release|x64
		{D17BE6FE-E613-4123-A16E-233A00A56BBA}.Release|x64.Build.0 = Release|x64
		{D17BE6FE-E613-4123-A16E-233A00A56BBA}.Release|x86.ActiveCfg = Release|Win32
		{D17BE6FE-E613-4123-A16E-233A00A56BBA}.Release|x86.Build.0 = Release|Win32
		{9A2A4ADD-3437-4974-B926-E5D0DF29E57A}.Debug|x64.ActiveCfg = Debug|x64
		{9A2A4ADD-3437-4974-B926-E5D0DF29E57A}.Debug|x64.Build.0 = Debug|x64
		{9A2A4ADD-3437-4974-B926-E5D0DF29E57A}.Debug|x86.ActiveCfg = Debug|Win32
		{9A2A4ADD-3437-4974-B926-E5D0DF29E57A}.Debug|x86.Build.0 = Debug|Win32
		{9A2A4ADD-3437-4974-B926-E5D0DF29E57A}.Release|x64.ActiveCfg = Release|x64
		{9A2A4ADD-3437-4974-B926-E5D0DF29E57A}.Release|x64.Build.0 = Release|x64
		{9A2A4ADD-3437-4974-B926-E5D0DF29E57A}.Release|x86.ActiveCfg = Release|Win32
		{9A2A4ADD-3437-4974-B926-E5D0DF29E57A}.Release|x86.Build.0 = Release|Win32
	EndGlobalSection
	GlobalSection(SolutionProperties) = preSolution
		HideSolutionNode = FALSE
	EndGlobalSection
	GlobalSection(ExtensibilityGlobals) = postSolution
		SolutionGuid = {093BA8B1-262A-4DD5-9478-98862E968381}
	EndGlobalSection
EndGlobal
